
Microsoft Visual Studio Solution File, Format Version 12.00
# Visual Studio Version 17
VisualStudioVersion = 17.11.35327.3
MinimumVisualStudioVersion = 10.0.40219.1
Project("{FAE04EC0-301F-11D3-BF4B-00C04F79EFBC}") = "idiapoc", "idiapoc\idiapoc.csproj", "{F99D608E-88C2-49D2-B084-9E12CADFE69A}"
EndProject
Global
	GlobalSection(SolutionConfigurationPlatforms) = preSolution
		Debug|Any CPU = Debug|Any CPU
		Release|Any CPU = Release|Any CPU
	EndGlobalSection
	GlobalSection(ProjectConfigurationPlatforms) = postSolution
		{F99D608E-88C2-49D2-B084-9E12CADFE69A}.Debug|Any CPU.ActiveCfg = Debug|Any CPU
		{F99D608E-88C2-49D2-B084-9E12CADFE69A}.Debug|Any CPU.Build.0 = Debug|Any CPU
		{F99D608E-88C2-49D2-B084-9E12CADFE69A}.Debug|Any CPU.Deploy.0 = Debug|Any CPU
		{F99D608E-88C2-49D2-B084-9E12CADFE69A}.Release|Any CPU.ActiveCfg = Release|Any CPU
		{F99D608E-88C2-49D2-B084-9E12CADFE69A}.Release|Any CPU.Build.0 = Release|Any CPU
		{F99D608E-88C2-49D2-B084-9E12CADFE69A}.Release|Any CPU.Deploy.0 = Release|Any CPU
	EndGlobalSection
	GlobalSection(SolutionProperties) = preSolution
		HideSolutionNode = FALSE
	EndGlobalSection
	GlobalSection(ExtensibilityGlobals) = postSolution
		SolutionGuid = {EFD67044-A3F0-49B4-8CD7-DEEA0AE22392}
	EndGlobalSection
EndGlobal
